
Microsoft Visual Studio Solution File, Format Version 12.00
# Visual Studio Version 17
VisualStudioVersion = 17.0.32014.148
MinimumVisualStudioVersion = 10.0.40219.1
Project("{FAE04EC0-301F-11D3-BF4B-00C04F79EFBC}") = "Ramis Cinema", "Ramis Cinema\Ramis Cinema.csproj", "{957E902A-48F9-41F7-A516-166A8F0BAE12}"
EndProject
Global
	GlobalSection(SolutionConfigurationPlatforms) = preSolution
		Debug|Any CPU = Debug|Any CPU
		Release|Any CPU = Release|Any CPU
	EndGlobalSection
	GlobalSection(ProjectConfigurationPlatforms) = postSolution
		{957E902A-48F9-41F7-A516-166A8F0BAE12}.Debug|Any CPU.ActiveCfg = Debug|Any CPU
		{957E902A-48F9-41F7-A516-166A8F0BAE12}.Debug|Any CPU.Build.0 = Debug|Any CPU
		{957E902A-48F9-41F7-A516-166A8F0BAE12}.Release|Any CPU.ActiveCfg = Release|Any CPU
		{957E902A-48F9-41F7-A516-166A8F0BAE12}.Release|Any CPU.Build.0 = Release|Any CPU
	EndGlobalSection
	GlobalSection(SolutionProperties) = preSolution
		HideSolutionNode = FALSE
	EndGlobalSection
	GlobalSection(ExtensibilityGlobals) = postSolution
		SolutionGuid = {C4561E65-4458-48D3-8DFB-2760EA45374F}
	EndGlobalSection
EndGlobal
